
Microsoft Visual Studio Solution File, Format Version 12.00
# Visual Studio 15
VisualStudioVersion = 15.0.27703.2047
MinimumVisualStudioVersion = 10.0.40219.1
Project("{FAE04EC0-301F-11D3-BF4B-00C04F79EFBC}") = "CourseWork", "CourseWork\CourseWork.csproj", "{5BA8A757-6CDF-4E70-99C4-4D27EE20FA7A}"
EndProject
Project("{2150E333-8FDC-42A3-9474-1A3956D46DE8}") = "Put and create client", "Put and create client", "{AFE652AE-4010-42DF-8928-D6EC9A005FF9}"
	ProjectSection(SolutionItems) = preProject
		CourseWork\PutClient.cs = CourseWork\PutClient.cs
		..\..\..\..\Pictures\Screenshots\цвета.png = ..\..\..\..\Pictures\Screenshots\цвета.png
	EndProjectSection
EndProject
Global
	GlobalSection(SolutionConfigurationPlatforms) = preSolution
		Debug|Any CPU = Debug|Any CPU
		Release|Any CPU = Release|Any CPU
	EndGlobalSection
	GlobalSection(ProjectConfigurationPlatforms) = postSolution
		{5BA8A757-6CDF-4E70-99C4-4D27EE20FA7A}.Debug|Any CPU.ActiveCfg = Debug|Any CPU
		{5BA8A757-6CDF-4E70-99C4-4D27EE20FA7A}.Debug|Any CPU.Build.0 = Debug|Any CPU
		{5BA8A757-6CDF-4E70-99C4-4D27EE20FA7A}.Release|Any CPU.ActiveCfg = Release|Any CPU
		{5BA8A757-6CDF-4E70-99C4-4D27EE20FA7A}.Release|Any CPU.Build.0 = Release|Any CPU
	EndGlobalSection
	GlobalSection(SolutionProperties) = preSolution
		HideSolutionNode = FALSE
	EndGlobalSection
	GlobalSection(ExtensibilityGlobals) = postSolution
		SolutionGuid = {FD5DFDC2-C37E-4A04-9A1D-9ED476C1CFD3}
	EndGlobalSection
EndGlobal
